
Microsoft Visual Studio Solution File, Format Version 12.00
# Visual Studio 15
VisualStudioVersion = 15.0.27130.2010
MinimumVisualStudioVersion = 10.0.40219.1
Project("{888888A0-9F3D-457C-B088-3A5042F75D52}") = "KerasConvNet", "AnimalSpeciesClassifier\KerasConvNet.pyproj", "{50C738F3-A88A-48B5-A02F-A3B7C1B566D3}"
EndProject
Project("{FAE04EC0-301F-11D3-BF4B-00C04F79EFBC}") = "ConvNetManager", "ConvNetManager\ConvNetManager.csproj", "{2D2BF47F-FFA7-44E6-9F95-53452E35A6BF}"
EndProject
Project("{888888A0-9F3D-457C-B088-3A5042F75D52}") = "Demo", "Demo\Demo.pyproj", "{9F7E2F51-BEA5-4E88-836B-C2743C04C3F7}"
EndProject
Global
	GlobalSection(SolutionConfigurationPlatforms) = preSolution
		Debug|Any CPU = Debug|Any CPU
		Release|Any CPU = Release|Any CPU
	EndGlobalSection
	GlobalSection(ProjectConfigurationPlatforms) = postSolution
		{50C738F3-A88A-48B5-A02F-A3B7C1B566D3}.Debug|Any CPU.ActiveCfg = Debug|Any CPU
		{50C738F3-A88A-48B5-A02F-A3B7C1B566D3}.Release|Any CPU.ActiveCfg = Release|Any CPU
		{2D2BF47F-FFA7-44E6-9F95-53452E35A6BF}.Debug|Any CPU.ActiveCfg = Debug|Any CPU
		{2D2BF47F-FFA7-44E6-9F95-53452E35A6BF}.Debug|Any CPU.Build.0 = Debug|Any CPU
		{2D2BF47F-FFA7-44E6-9F95-53452E35A6BF}.Release|Any CPU.ActiveCfg = Release|Any CPU
		{2D2BF47F-FFA7-44E6-9F95-53452E35A6BF}.Release|Any CPU.Build.0 = Release|Any CPU
		{9F7E2F51-BEA5-4E88-836B-C2743C04C3F7}.Debug|Any CPU.ActiveCfg = Debug|Any CPU
		{9F7E2F51-BEA5-4E88-836B-C2743C04C3F7}.Release|Any CPU.ActiveCfg = Release|Any CPU
	EndGlobalSection
	GlobalSection(SolutionProperties) = preSolution
		HideSolutionNode = FALSE
	EndGlobalSection
	GlobalSection(ExtensibilityGlobals) = postSolution
		SolutionGuid = {925E041D-CF74-4DBF-802B-6D1019CB502B}
	EndGlobalSection
EndGlobal
